// !$*UTF8*$!
{
	archiveVersion = 1;
	classes = {
	};
	objectVersion = 42;
	objects = {

/* Begin PBXAggregateTarget section */
		631417A30A203392007B9355 /* All */ = {
			isa = PBXAggregateTarget;
			buildConfigurationList = 631417CC0A203392007B9355 /* Build configuration list for PBXAggregateTarget "All" */;
			buildPhases = (
			);
			dependencies = (
				FEDA69430C949E20007670AE /* PBXTargetDependency */,
				FEDA69450C949E23007670AE /* PBXTargetDependency */,
				FEDA69470C949E25007670AE /* PBXTargetDependency */,
				FED395D9105687E700916E0C /* PBXTargetDependency */,
			);
			name = All;
			productName = "SC_Synth PlugIns";
		};
/* End PBXAggregateTarget section */

/* Begin PBXBuildFile section */
		FE2BB3F30BB5975C009F34F8 /* BEASTMulchVBAP.h in Headers */ = {isa = PBXBuildFile; fileRef = FE2BB3F20BB5975C009F34F8 /* BEASTMulchVBAP.h */; };
		FE5386600C1EDD8B00E7E247 /* SC_InlineBinaryOp.h in Headers */ = {isa = PBXBuildFile; fileRef = FE2BB3D90BB59628009F34F8 /* SC_InlineBinaryOp.h */; };
		FE5B59350D6B22F2008C3FE7 /* vecLib.framework in Frameworks */ = {isa = PBXBuildFile; fileRef = F5499A1103A3023A01BA7E76 /* vecLib.framework */; };
		FE5B594B0D6B23F8008C3FE7 /* fastInverseSqrt.h in Headers */ = {isa = PBXBuildFile; fileRef = FE5B594A0D6B23F8008C3FE7 /* fastInverseSqrt.h */; };
		FE5B594C0D6B2445008C3FE7 /* BEASTMulchLoris.cpp in Sources */ = {isa = PBXBuildFile; fileRef = FE5B59480D6B2385008C3FE7 /* BEASTMulchLoris.cpp */; };
		FE5B5AFB0D6B30F6008C3FE7 /* fastInverseSqrt.h in Headers */ = {isa = PBXBuildFile; fileRef = FE5B594A0D6B23F8008C3FE7 /* fastInverseSqrt.h */; };
		FE5B5AFC0D6B3110008C3FE7 /* SC_Altivec.h in Headers */ = {isa = PBXBuildFile; fileRef = FE2BB3F70BB597D5009F34F8 /* SC_Altivec.h */; };
		FE5B5B120D6B3209008C3FE7 /* SC_PlugIn.h in Headers */ = {isa = PBXBuildFile; fileRef = FE2BB3DE0BB59628009F34F8 /* SC_PlugIn.h */; };
		FEC02E0B0C4D1E72009EC06B /* SC_Lock.h in Headers */ = {isa = PBXBuildFile; fileRef = FE2BB40F0BB5995A009F34F8 /* SC_Lock.h */; };
		FEC02E1B0C4D1F5F009EC06B /* Carbon.framework in Frameworks */ = {isa = PBXBuildFile; fileRef = 92CCC51F045B4BDE00CA2167 /* Carbon.framework */; };
		FEC02EB10C4D1FA5009EC06B /* SC_Altivec.h in Headers */ = {isa = PBXBuildFile; fileRef = FE2BB3F70BB597D5009F34F8 /* SC_Altivec.h */; };
		FEC02EB20C4D1FE4009EC06B /* SC_Endian.h in Headers */ = {isa = PBXBuildFile; fileRef = FE2BB3F90BB597D5009F34F8 /* SC_Endian.h */; };
		FEC02ECF0C4D22F8009EC06B /* MsgFifo.h in Headers */ = {isa = PBXBuildFile; fileRef = FEC02ECE0C4D22F8009EC06B /* MsgFifo.h */; };
		FEC02ED00C4D2324009EC06B /* SC_DemandUnit.h in Headers */ = {isa = PBXBuildFile; fileRef = FE2BB3D50BB59628009F34F8 /* SC_DemandUnit.h */; };
		FEC02ED80C4D234B009EC06B /* SC_SyncCondition.h in Headers */ = {isa = PBXBuildFile; fileRef = FEC02ED70C4D234B009EC06B /* SC_SyncCondition.h */; };
		FEC02EDA0C4D235A009EC06B /* SC_UnitDef.h in Headers */ = {isa = PBXBuildFile; fileRef = FEC02ED90C4D235A009EC06B /* SC_UnitDef.h */; };
		FEC02EDB0C4D2371009EC06B /* vecLib.framework in Frameworks */ = {isa = PBXBuildFile; fileRef = F5499A1103A3023A01BA7E76 /* vecLib.framework */; };
		FEC02EEF0C4D239F009EC06B /* SC_SyncCondition.cpp in Sources */ = {isa = PBXBuildFile; fileRef = FE2BB40A0BB598CF009F34F8 /* SC_SyncCondition.cpp */; };
		FEC02F3F0C4D29CB009EC06B /* HashTable.h in Headers */ = {isa = PBXBuildFile; fileRef = FEC02F3E0C4D29CB009EC06B /* HashTable.h */; };
		FEC02F420C4D2A6E009EC06B /* SC_Str4.cpp in Sources */ = {isa = PBXBuildFile; fileRef = FEC02F410C4D2A6E009EC06B /* SC_Str4.cpp */; };
		FEC02F440C4D2A79009EC06B /* SC_Str4.h in Headers */ = {isa = PBXBuildFile; fileRef = FEC02F430C4D2A79009EC06B /* SC_Str4.h */; };
		FEC02F4D0C4D2EAF009EC06B /* BEASTMulchSendIndex.cpp in Sources */ = {isa = PBXBuildFile; fileRef = FEC02F4C0C4D2EAF009EC06B /* BEASTMulchSendIndex.cpp */; };
		FEC02FEC0C4D5CC9009EC06B /* libsndfile.a in Frameworks */ = {isa = PBXBuildFile; fileRef = FEC02FE90C4D5CC9009EC06B /* libsndfile.a */; };
		FEC02FED0C4D5CC9009EC06B /* sndfile.h in Headers */ = {isa = PBXBuildFile; fileRef = FEC02FEA0C4D5CC9009EC06B /* sndfile.h */; };
		FEC9FE4D0BFCD6C500237BCA /* SCComplex.h in Headers */ = {isa = PBXBuildFile; fileRef = FE2BB3F50BB59792009F34F8 /* SCComplex.h */; };
		FEC9FE4E0BFCD6C500237BCA /* SC_Lock.h in Headers */ = {isa = PBXBuildFile; fileRef = FE2BB40F0BB5995A009F34F8 /* SC_Lock.h */; };
		FEC9FE500BFCD6C500237BCA /* BEASTMulchPV.cpp in Sources */ = {isa = PBXBuildFile; fileRef = FE2BB4080BB598CF009F34F8 /* BEASTMulchPV.cpp */; };
		FEC9FE510BFCD6C500237BCA /* SCComplex.cpp in Sources */ = {isa = PBXBuildFile; fileRef = FE2BB4060BB598CF009F34F8 /* SCComplex.cpp */; };
		FEC9FE6D0BFCD7D800237BCA /* BEASTMulchPV.h in Headers */ = {isa = PBXBuildFile; fileRef = FEC9FE6C0BFCD7D800237BCA /* BEASTMulchPV.h */; };
		FEC9FE720BFCD85700237BCA /* BEASTMulchVBAP.cpp in Sources */ = {isa = PBXBuildFile; fileRef = FEC9FE710BFCD85700237BCA /* BEASTMulchVBAP.cpp */; };
/* End PBXBuildFile section */

/* Begin PBXContainerItemProxy section */
		FED395D8105687E700916E0C /* PBXContainerItemProxy */ = {
			isa = PBXContainerItemProxy;
			containerPortal = F50D04F702E68E8201CA2799 /* Project object */;
			proxyType = 1;
			remoteGlobalIDString = FE5B59240D6B22F2008C3FE7 /* BEASTMulchLoris */;
			remoteInfo = BEASTMulchLoris;
		};
		FEDA69420C949E20007670AE /* PBXContainerItemProxy */ = {
			isa = PBXContainerItemProxy;
			containerPortal = F50D04F702E68E8201CA2799 /* Project object */;
			proxyType = 1;
			remoteGlobalIDString = FE2BB36C0BB59278009F34F8;
			remoteInfo = BEASTMulchVBAP;
		};
		FEDA69440C949E23007670AE /* PBXContainerItemProxy */ = {
			isa = PBXContainerItemProxy;
			containerPortal = F50D04F702E68E8201CA2799 /* Project object */;
			proxyType = 1;
			remoteGlobalIDString = FEC9FE4A0BFCD6C500237BCA;
			remoteInfo = BEASTMulchPV;
		};
		FEDA69460C949E25007670AE /* PBXContainerItemProxy */ = {
			isa = PBXContainerItemProxy;
			containerPortal = F50D04F702E68E8201CA2799 /* Project object */;
			proxyType = 1;
			remoteGlobalIDString = FEC02E080C4D1E72009EC06B;
			remoteInfo = BEASTMulchPlaySendIndex;
		};
/* End PBXContainerItemProxy section */

/* Begin PBXFileReference section */
		92CCC51F045B4BDE00CA2167 /* Carbon.framework */ = {isa = PBXFileReference; lastKnownFileType = wrapper.framework; name = Carbon.framework; path = /System/Library/Frameworks/Carbon.framework; sourceTree = "<absolute>"; };
		F5499A1103A3023A01BA7E76 /* vecLib.framework */ = {isa = PBXFileReference; lastKnownFileType = wrapper.framework; name = vecLib.framework; path = /System/Library/Frameworks/vecLib.framework; sourceTree = "<absolute>"; };
		FE2BB3780BB59278009F34F8 /* BEASTMulchVBAP.scx */ = {isa = PBXFileReference; explicitFileType = "compiled.mach-o.dylib"; includeInIndex = 0; path = BEASTMulchVBAP.scx; sourceTree = BUILT_PRODUCTS_DIR; };
		FE2BB3D00BB59628009F34F8 /* clz.h */ = {isa = PBXFileReference; lastKnownFileType = sourcecode.c.h; path = clz.h; sourceTree = "<group>"; };
		FE2BB3D10BB59628009F34F8 /* Hash.h */ = {isa = PBXFileReference; lastKnownFileType = sourcecode.c.h; path = Hash.h; sourceTree = "<group>"; };
		FE2BB3D20BB59628009F34F8 /* SC_BoundsMacros.h */ = {isa = PBXFileReference; lastKnownFileType = sourcecode.c.h; path = SC_BoundsMacros.h; sourceTree = "<group>"; };
		FE2BB3D30BB59628009F34F8 /* SC_BufGen.h */ = {isa = PBXFileReference; lastKnownFileType = sourcecode.c.h; path = SC_BufGen.h; sourceTree = "<group>"; };
		FE2BB3D40BB59628009F34F8 /* SC_Constants.h */ = {isa = PBXFileReference; lastKnownFileType = sourcecode.c.h; path = SC_Constants.h; sourceTree = "<group>"; };
		FE2BB3D50BB59628009F34F8 /* SC_DemandUnit.h */ = {isa = PBXFileReference; lastKnownFileType = sourcecode.c.h; path = SC_DemandUnit.h; sourceTree = "<group>"; };
		FE2BB3D60BB59628009F34F8 /* SC_Dimension.h */ = {isa = PBXFileReference; lastKnownFileType = sourcecode.c.h; path = SC_Dimension.h; sourceTree = "<group>"; };
		FE2BB3D70BB59628009F34F8 /* SC_FifoMsg.h */ = {isa = PBXFileReference; lastKnownFileType = sourcecode.c.h; path = SC_FifoMsg.h; sourceTree = "<group>"; };
		FE2BB3D80BB59628009F34F8 /* SC_Graph.h */ = {isa = PBXFileReference; lastKnownFileType = sourcecode.c.h; path = SC_Graph.h; sourceTree = "<group>"; };
		FE2BB3D90BB59628009F34F8 /* SC_InlineBinaryOp.h */ = {isa = PBXFileReference; lastKnownFileType = sourcecode.c.h; path = SC_InlineBinaryOp.h; sourceTree = "<group>"; };
		FE2BB3DA0BB59628009F34F8 /* SC_InlineUnaryOp.h */ = {isa = PBXFileReference; lastKnownFileType = sourcecode.c.h; path = SC_InlineUnaryOp.h; sourceTree = "<group>"; };
		FE2BB3DB0BB59628009F34F8 /* SC_InterfaceTable.h */ = {isa = PBXFileReference; lastKnownFileType = sourcecode.c.h; path = SC_InterfaceTable.h; sourceTree = "<group>"; };
		FE2BB3DC0BB59628009F34F8 /* sc_msg_iter.h */ = {isa = PBXFileReference; lastKnownFileType = sourcecode.c.h; path = sc_msg_iter.h; sourceTree = "<group>"; };
		FE2BB3DD0BB59628009F34F8 /* SC_Node.h */ = {isa = PBXFileReference; lastKnownFileType = sourcecode.c.h; path = SC_Node.h; sourceTree = "<group>"; };
		FE2BB3DE0BB59628009F34F8 /* SC_PlugIn.h */ = {isa = PBXFileReference; lastKnownFileType = sourcecode.c.h; path = SC_PlugIn.h; sourceTree = "<group>"; };
		FE2BB3DF0BB59628009F34F8 /* SC_Rate.h */ = {isa = PBXFileReference; lastKnownFileType = sourcecode.c.h; path = SC_Rate.h; sourceTree = "<group>"; };
		FE2BB3E00BB59628009F34F8 /* SC_RGen.h */ = {isa = PBXFileReference; lastKnownFileType = sourcecode.c.h; path = SC_RGen.h; sourceTree = "<group>"; };
		FE2BB3E10BB59628009F34F8 /* SC_SndBuf.h */ = {isa = PBXFileReference; lastKnownFileType = sourcecode.c.h; path = SC_SndBuf.h; sourceTree = "<group>"; };
		FE2BB3E20BB59628009F34F8 /* SC_Types.h */ = {isa = PBXFileReference; lastKnownFileType = sourcecode.c.h; path = SC_Types.h; sourceTree = "<group>"; };
		FE2BB3E30BB59628009F34F8 /* SC_Unit.h */ = {isa = PBXFileReference; lastKnownFileType = sourcecode.c.h; path = SC_Unit.h; sourceTree = "<group>"; };
		FE2BB3E40BB59628009F34F8 /* SC_Wire.h */ = {isa = PBXFileReference; lastKnownFileType = sourcecode.c.h; path = SC_Wire.h; sourceTree = "<group>"; };
		FE2BB3E50BB59628009F34F8 /* SC_World.h */ = {isa = PBXFileReference; lastKnownFileType = sourcecode.c.h; path = SC_World.h; sourceTree = "<group>"; };
		FE2BB3E60BB59628009F34F8 /* Unroll.h */ = {isa = PBXFileReference; lastKnownFileType = sourcecode.c.h; path = Unroll.h; sourceTree = "<group>"; };
		FE2BB3F20BB5975C009F34F8 /* BEASTMulchVBAP.h */ = {isa = PBXFileReference; fileEncoding = 30; lastKnownFileType = sourcecode.c.h; path = BEASTMulchVBAP.h; sourceTree = "<group>"; };
		FE2BB3F50BB59792009F34F8 /* SCComplex.h */ = {isa = PBXFileReference; fileEncoding = 30; lastKnownFileType = sourcecode.c.h; path = SCComplex.h; sourceTree = "<group>"; };
		FE2BB3F70BB597D5009F34F8 /* SC_Altivec.h */ = {isa = PBXFileReference; fileEncoding = 30; lastKnownFileType = sourcecode.c.h; path = SC_Altivec.h; sourceTree = "<group>"; };
		FE2BB3F80BB597D5009F34F8 /* SC_Sem.h */ = {isa = PBXFileReference; fileEncoding = 30; lastKnownFileType = sourcecode.c.h; path = SC_Sem.h; sourceTree = "<group>"; };
		FE2BB3F90BB597D5009F34F8 /* SC_Endian.h */ = {isa = PBXFileReference; fileEncoding = 30; lastKnownFileType = sourcecode.c.h; path = SC_Endian.h; sourceTree = "<group>"; };
		FE2BB4060BB598CF009F34F8 /* SCComplex.cpp */ = {isa = PBXFileReference; fileEncoding = 30; lastKnownFileType = sourcecode.cpp.cpp; path = SCComplex.cpp; sourceTree = "<group>"; };
		FE2BB4080BB598CF009F34F8 /* BEASTMulchPV.cpp */ = {isa = PBXFileReference; fileEncoding = 30; lastKnownFileType = sourcecode.cpp.cpp; path = BEASTMulchPV.cpp; sourceTree = "<group>"; };
		FE2BB40A0BB598CF009F34F8 /* SC_SyncCondition.cpp */ = {isa = PBXFileReference; fileEncoding = 30; lastKnownFileType = sourcecode.cpp.cpp; path = SC_SyncCondition.cpp; sourceTree = "<group>"; };
		FE2BB40F0BB5995A009F34F8 /* SC_Lock.h */ = {isa = PBXFileReference; fileEncoding = 30; lastKnownFileType = sourcecode.c.h; path = SC_Lock.h; sourceTree = "<group>"; };
		FE5B593E0D6B22F2008C3FE7 /* BEASTMulchLoris.scx */ = {isa = PBXFileReference; explicitFileType = "compiled.mach-o.dylib"; includeInIndex = 0; path = BEASTMulchLoris.scx; sourceTree = BUILT_PRODUCTS_DIR; };
		FE5B59480D6B2385008C3FE7 /* BEASTMulchLoris.cpp */ = {isa = PBXFileReference; fileEncoding = 30; lastKnownFileType = sourcecode.cpp.cpp; path = BEASTMulchLoris.cpp; sourceTree = "<group>"; };
		FE5B594A0D6B23F8008C3FE7 /* fastInverseSqrt.h */ = {isa = PBXFileReference; fileEncoding = 30; lastKnownFileType = sourcecode.c.h; path = fastInverseSqrt.h; sourceTree = "<group>"; };
		FEC02E180C4D1E72009EC06B /* BEASTMulchSendIndex.scx */ = {isa = PBXFileReference; explicitFileType = "compiled.mach-o.dylib"; includeInIndex = 0; path = BEASTMulchSendIndex.scx; sourceTree = BUILT_PRODUCTS_DIR; };
		FEC02ECE0C4D22F8009EC06B /* MsgFifo.h */ = {isa = PBXFileReference; fileEncoding = 30; lastKnownFileType = sourcecode.c.h; path = MsgFifo.h; sourceTree = "<group>"; };
		FEC02ED70C4D234B009EC06B /* SC_SyncCondition.h */ = {isa = PBXFileReference; fileEncoding = 30; lastKnownFileType = sourcecode.c.h; path = SC_SyncCondition.h; sourceTree = "<group>"; };
		FEC02ED90C4D235A009EC06B /* SC_UnitDef.h */ = {isa = PBXFileReference; fileEncoding = 30; lastKnownFileType = sourcecode.c.h; path = SC_UnitDef.h; sourceTree = "<group>"; };
		FEC02F3E0C4D29CB009EC06B /* HashTable.h */ = {isa = PBXFileReference; fileEncoding = 30; lastKnownFileType = sourcecode.c.h; path = HashTable.h; sourceTree = "<group>"; };
		FEC02F410C4D2A6E009EC06B /* SC_Str4.cpp */ = {isa = PBXFileReference; fileEncoding = 30; lastKnownFileType = sourcecode.cpp.cpp; path = SC_Str4.cpp; sourceTree = "<group>"; };
		FEC02F430C4D2A79009EC06B /* SC_Str4.h */ = {isa = PBXFileReference; fileEncoding = 30; lastKnownFileType = sourcecode.c.h; path = SC_Str4.h; sourceTree = "<group>"; };
		FEC02F4C0C4D2EAF009EC06B /* BEASTMulchSendIndex.cpp */ = {isa = PBXFileReference; fileEncoding = 30; lastKnownFileType = sourcecode.cpp.cpp; path = BEASTMulchSendIndex.cpp; sourceTree = "<group>"; };
		FEC02FE90C4D5CC9009EC06B /* libsndfile.a */ = {isa = PBXFileReference; lastKnownFileType = archive.ar; path = libsndfile.a; sourceTree = "<group>"; };
		FEC02FEA0C4D5CC9009EC06B /* sndfile.h */ = {isa = PBXFileReference; fileEncoding = 30; lastKnownFileType = sourcecode.c.h; path = sndfile.h; sourceTree = "<group>"; };
		FEC02FEB0C4D5CC9009EC06B /* VERSION */ = {isa = PBXFileReference; fileEncoding = 30; lastKnownFileType = text; path = VERSION; sourceTree = "<group>"; };
		FEC9FE5A0BFCD6C500237BCA /* BEASTMulchPV.scx */ = {isa = PBXFileReference; explicitFileType = "compiled.mach-o.dylib"; includeInIndex = 0; path = BEASTMulchPV.scx; sourceTree = BUILT_PRODUCTS_DIR; };
		FEC9FE6C0BFCD7D800237BCA /* BEASTMulchPV.h */ = {isa = PBXFileReference; fileEncoding = 30; lastKnownFileType = sourcecode.c.h; path = BEASTMulchPV.h; sourceTree = "<group>"; };
		FEC9FE710BFCD85700237BCA /* BEASTMulchVBAP.cpp */ = {isa = PBXFileReference; fileEncoding = 30; lastKnownFileType = sourcecode.cpp.cpp; path = BEASTMulchVBAP.cpp; sourceTree = "<group>"; };
/* End PBXFileReference section */

/* Begin PBXFrameworksBuildPhase section */
		FE2BB3700BB59278009F34F8 /* Frameworks */ = {
			isa = PBXFrameworksBuildPhase;
			buildActionMask = 2147483647;
			files = (
			);
			runOnlyForDeploymentPostprocessing = 0;
		};
		FE5B59340D6B22F2008C3FE7 /* Frameworks */ = {
			isa = PBXFrameworksBuildPhase;
			buildActionMask = 2147483647;
			files = (
				FE5B59350D6B22F2008C3FE7 /* vecLib.framework in Frameworks */,
			);
			runOnlyForDeploymentPostprocessing = 0;
		};
		FEC02E100C4D1E72009EC06B /* Frameworks */ = {
			isa = PBXFrameworksBuildPhase;
			buildActionMask = 2147483647;
			files = (
				FEC02EDB0C4D2371009EC06B /* vecLib.framework in Frameworks */,
				FEC02E1B0C4D1F5F009EC06B /* Carbon.framework in Frameworks */,
				FEC02FEC0C4D5CC9009EC06B /* libsndfile.a in Frameworks */,
			);
			runOnlyForDeploymentPostprocessing = 0;
		};
		FEC9FE520BFCD6C500237BCA /* Frameworks */ = {
			isa = PBXFrameworksBuildPhase;
			buildActionMask = 2147483647;
			files = (
			);
			runOnlyForDeploymentPostprocessing = 0;
		};
/* End PBXFrameworksBuildPhase section */

/* Begin PBXGroup section */
		F50D04F802E68E8201CA2799 = {
			isa = PBXGroup;
			children = (
				FE2BB3B40BB595ED009F34F8 /* headers */,
				FE2BB4040BB598CF009F34F8 /* source */,
				F50D060302E69C2101CA2799 /* Products */,
				F50D069402E6A1C601CA2799 /* Frameworks */,
				F50D069D02E6A1C601CA2799 /* Resources */,
			);
			sourceTree = "<group>";
		};
		F50D060302E69C2101CA2799 /* Products */ = {
			isa = PBXGroup;
			children = (
				FE2BB3780BB59278009F34F8 /* BEASTMulchVBAP.scx */,
				FEC9FE5A0BFCD6C500237BCA /* BEASTMulchPV.scx */,
				FEC02E180C4D1E72009EC06B /* BEASTMulchSendIndex.scx */,
				FE5B593E0D6B22F2008C3FE7 /* BEASTMulchLoris.scx */,
			);
			name = Products;
			sourceTree = "<group>";
		};
		F50D069402E6A1C601CA2799 /* Frameworks */ = {
			isa = PBXGroup;
			children = (
				FEC02FE60C4D5CB4009EC06B /* libsndfile */,
				F5499A1103A3023A01BA7E76 /* vecLib.framework */,
				92CCC51F045B4BDE00CA2167 /* Carbon.framework */,
			);
			name = Frameworks;
			sourceTree = "<group>";
		};
		F50D069D02E6A1C601CA2799 /* Resources */ = {
			isa = PBXGroup;
			children = (
			);
			name = Resources;
			sourceTree = "<group>";
		};
		FE2BB3B40BB595ED009F34F8 /* headers */ = {
			isa = PBXGroup;
			children = (
				FEC02ECA0C4D22E0009EC06B /* server */,
				FE2BB3F40BB5976E009F34F8 /* common */,
				FE2BB3F10BB5975C009F34F8 /* plugin headers */,
				FE2BB3CF0BB59628009F34F8 /* plugin_interface */,
			);
			path = headers;
			sourceTree = "<group>";
		};
		FE2BB3CF0BB59628009F34F8 /* plugin_interface */ = {
			isa = PBXGroup;
			children = (
				FE2BB40F0BB5995A009F34F8 /* SC_Lock.h */,
				FE2BB3F50BB59792009F34F8 /* SCComplex.h */,
				FE2BB3D00BB59628009F34F8 /* clz.h */,
				FE2BB3D10BB59628009F34F8 /* Hash.h */,
				FE2BB3D20BB59628009F34F8 /* SC_BoundsMacros.h */,
				FE2BB3D30BB59628009F34F8 /* SC_BufGen.h */,
				FE2BB3D40BB59628009F34F8 /* SC_Constants.h */,
				FE2BB3D50BB59628009F34F8 /* SC_DemandUnit.h */,
				FE2BB3D60BB59628009F34F8 /* SC_Dimension.h */,
				FE2BB3D70BB59628009F34F8 /* SC_FifoMsg.h */,
				FE2BB3D80BB59628009F34F8 /* SC_Graph.h */,
				FE2BB3D90BB59628009F34F8 /* SC_InlineBinaryOp.h */,
				FE2BB3DA0BB59628009F34F8 /* SC_InlineUnaryOp.h */,
				FE2BB3DB0BB59628009F34F8 /* SC_InterfaceTable.h */,
				FE2BB3DC0BB59628009F34F8 /* sc_msg_iter.h */,
				FE2BB3DD0BB59628009F34F8 /* SC_Node.h */,
				FE2BB3DE0BB59628009F34F8 /* SC_PlugIn.h */,
				FE2BB3DF0BB59628009F34F8 /* SC_Rate.h */,
				FE2BB3E00BB59628009F34F8 /* SC_RGen.h */,
				FE2BB3E10BB59628009F34F8 /* SC_SndBuf.h */,
				FE2BB3E20BB59628009F34F8 /* SC_Types.h */,
				FE2BB3E30BB59628009F34F8 /* SC_Unit.h */,
				FE2BB3E40BB59628009F34F8 /* SC_Wire.h */,
				FE2BB3E50BB59628009F34F8 /* SC_World.h */,
				FE2BB3E60BB59628009F34F8 /* Unroll.h */,
			);
			path = plugin_interface;
			sourceTree = "<group>";
		};
		FE2BB3F10BB5975C009F34F8 /* plugin headers */ = {
			isa = PBXGroup;
			children = (
				FE5B594A0D6B23F8008C3FE7 /* fastInverseSqrt.h */,
				FEC9FE6C0BFCD7D800237BCA /* BEASTMulchPV.h */,
				FE2BB3F20BB5975C009F34F8 /* BEASTMulchVBAP.h */,
			);
			path = "plugin headers";
			sourceTree = "<group>";
		};
		FE2BB3F40BB5976E009F34F8 /* common */ = {
			isa = PBXGroup;
			children = (
				FE2BB3F70BB597D5009F34F8 /* SC_Altivec.h */,
				FE2BB3F80BB597D5009F34F8 /* SC_Sem.h */,
				FE2BB3F90BB597D5009F34F8 /* SC_Endian.h */,
			);
			path = common;
			sourceTree = "<group>";
		};
		FE2BB4040BB598CF009F34F8 /* source */ = {
			isa = PBXGroup;
			children = (
				FE2BB4050BB598CF009F34F8 /* common */,
				FE2BB4070BB598CF009F34F8 /* plugin source */,
				FE2BB4090BB598CF009F34F8 /* server */,
			);
			path = source;
			sourceTree = "<group>";
		};
		FE2BB4050BB598CF009F34F8 /* common */ = {
			isa = PBXGroup;
			children = (
				FE2BB4060BB598CF009F34F8 /* SCComplex.cpp */,
			);
			path = common;
			sourceTree = "<group>";
		};
		FE2BB4070BB598CF009F34F8 /* plugin source */ = {
			isa = PBXGroup;
			children = (
				FE5B59480D6B2385008C3FE7 /* BEASTMulchLoris.cpp */,
				FEC02F4C0C4D2EAF009EC06B /* BEASTMulchSendIndex.cpp */,
				FEC9FE710BFCD85700237BCA /* BEASTMulchVBAP.cpp */,
				FE2BB4080BB598CF009F34F8 /* BEASTMulchPV.cpp */,
			);
			path = "plugin source";
			sourceTree = "<group>";
		};
		FE2BB4090BB598CF009F34F8 /* server */ = {
			isa = PBXGroup;
			children = (
				FEC02F410C4D2A6E009EC06B /* SC_Str4.cpp */,
				FE2BB40A0BB598CF009F34F8 /* SC_SyncCondition.cpp */,
			);
			path = server;
			sourceTree = "<group>";
		};
		FEC02ECA0C4D22E0009EC06B /* server */ = {
			isa = PBXGroup;
			children = (
				FEC02F430C4D2A79009EC06B /* SC_Str4.h */,
				FEC02F3E0C4D29CB009EC06B /* HashTable.h */,
				FEC02ED70C4D234B009EC06B /* SC_SyncCondition.h */,
				FEC02ECE0C4D22F8009EC06B /* MsgFifo.h */,
				FEC02ED90C4D235A009EC06B /* SC_UnitDef.h */,
			);
			name = server;
			sourceTree = "<group>";
		};
		FEC02FE60C4D5CB4009EC06B /* libsndfile */ = {
			isa = PBXGroup;
			children = (
				FEC02FE90C4D5CC9009EC06B /* libsndfile.a */,
				FEC02FEA0C4D5CC9009EC06B /* sndfile.h */,
				FEC02FEB0C4D5CC9009EC06B /* VERSION */,
			);
			name = libsndfile;
			sourceTree = "<group>";
		};
/* End PBXGroup section */

/* Begin PBXHeadersBuildPhase section */
		FE2BB36D0BB59278009F34F8 /* Headers */ = {
			isa = PBXHeadersBuildPhase;
			buildActionMask = 2147483647;
			files = (
				FE5386600C1EDD8B00E7E247 /* SC_InlineBinaryOp.h in Headers */,
				FE2BB3F30BB5975C009F34F8 /* BEASTMulchVBAP.h in Headers */,
			);
			runOnlyForDeploymentPostprocessing = 0;
		};
		FE5B5AF90D6B30E8008C3FE7 /* Headers */ = {
			isa = PBXHeadersBuildPhase;
			buildActionMask = 2147483647;
			files = (
				FE5B5AFC0D6B3110008C3FE7 /* SC_Altivec.h in Headers */,
				FE5B5AFB0D6B30F6008C3FE7 /* fastInverseSqrt.h in Headers */,
			);
			runOnlyForDeploymentPostprocessing = 0;
		};
		FEC02E090C4D1E72009EC06B /* Headers */ = {
			isa = PBXHeadersBuildPhase;
			buildActionMask = 2147483647;
			files = (
				FEC02EB10C4D1FA5009EC06B /* SC_Altivec.h in Headers */,
				FEC02EB20C4D1FE4009EC06B /* SC_Endian.h in Headers */,
				FEC02E0B0C4D1E72009EC06B /* SC_Lock.h in Headers */,
				FEC02ED00C4D2324009EC06B /* SC_DemandUnit.h in Headers */,
				FEC02ECF0C4D22F8009EC06B /* MsgFifo.h in Headers */,
				FEC02ED80C4D234B009EC06B /* SC_SyncCondition.h in Headers */,
				FEC02EDA0C4D235A009EC06B /* SC_UnitDef.h in Headers */,
				FEC02F3F0C4D29CB009EC06B /* HashTable.h in Headers */,
				FEC02F440C4D2A79009EC06B /* SC_Str4.h in Headers */,
				FEC02FED0C4D5CC9009EC06B /* sndfile.h in Headers */,
				FE5B594B0D6B23F8008C3FE7 /* fastInverseSqrt.h in Headers */,
			);
			runOnlyForDeploymentPostprocessing = 0;
		};
		FEC9FE4B0BFCD6C500237BCA /* Headers */ = {
			isa = PBXHeadersBuildPhase;
			buildActionMask = 2147483647;
			files = (
				FE5B5B120D6B3209008C3FE7 /* SC_PlugIn.h in Headers */,
				FEC9FE4D0BFCD6C500237BCA /* SCComplex.h in Headers */,
				FEC9FE4E0BFCD6C500237BCA /* SC_Lock.h in Headers */,
				FEC9FE6D0BFCD7D800237BCA /* BEASTMulchPV.h in Headers */,
			);
			runOnlyForDeploymentPostprocessing = 0;
		};
/* End PBXHeadersBuildPhase section */

/* Begin PBXNativeTarget section */
		FE2BB36C0BB59278009F34F8 /* BEASTMulchVBAP */ = {
			isa = PBXNativeTarget;
			buildConfigurationList = FE2BB3740BB59278009F34F8 /* Build configuration list for PBXNativeTarget "BEASTMulchVBAP" */;
			buildPhases = (
				FE2BB36D0BB59278009F34F8 /* Headers */,
				FE2BB36E0BB59278009F34F8 /* Sources */,
				FE2BB3700BB59278009F34F8 /* Frameworks */,
				FE2BB3720BB59278009F34F8 /* Rez */,
				FE2BB3730BB59278009F34F8 /* ShellScript */,
			);
			buildRules = (
			);
			dependencies = (
			);
			name = BEASTMulchVBAP;
			productInstallPath = /usr/local/lib;
			productName = BinaryOpUGens;
			productReference = FE2BB3780BB59278009F34F8 /* BEASTMulchVBAP.scx */;
			productType = "com.apple.product-type.library.dynamic";
		};
		FE5B59240D6B22F2008C3FE7 /* BEASTMulchLoris */ = {
			isa = PBXNativeTarget;
			buildConfigurationList = FE5B593A0D6B22F2008C3FE7 /* Build configuration list for PBXNativeTarget "BEASTMulchLoris" */;
			buildPhases = (
				FE5B5AF90D6B30E8008C3FE7 /* Headers */,
				FE5B59300D6B22F2008C3FE7 /* Sources */,
				FE5B59340D6B22F2008C3FE7 /* Frameworks */,
				FE5B59380D6B22F2008C3FE7 /* Rez */,
				FE5B59390D6B22F2008C3FE7 /* ShellScript */,
			);
			buildRules = (
			);
			dependencies = (
			);
			name = BEASTMulchLoris;
			productInstallPath = /usr/local/lib;
			productName = BinaryOpUGens;
			productReference = FE5B593E0D6B22F2008C3FE7 /* BEASTMulchLoris.scx */;
			productType = "com.apple.product-type.library.dynamic";
		};
		FEC02E080C4D1E72009EC06B /* BEASTMulchPlaySendIndex */ = {
			isa = PBXNativeTarget;
			buildConfigurationList = FEC02E140C4D1E72009EC06B /* Build configuration list for PBXNativeTarget "BEASTMulchPlaySendIndex" */;
			buildPhases = (
				FEC02E090C4D1E72009EC06B /* Headers */,
				FEC02E0D0C4D1E72009EC06B /* Sources */,
				FEC02E100C4D1E72009EC06B /* Frameworks */,
				FEC02E110C4D1E72009EC06B /* Rez */,
				FEC02E120C4D1E72009EC06B /* ShellScript */,
			);
			buildRules = (
			);
			dependencies = (
			);
			name = BEASTMulchPlaySendIndex;
			productInstallPath = /usr/local/lib;
			productName = BinaryOpUGens;
			productReference = FEC02E180C4D1E72009EC06B /* BEASTMulchSendIndex.scx */;
			productType = "com.apple.product-type.library.dynamic";
		};
		FEC9FE4A0BFCD6C500237BCA /* BEASTMulchPV */ = {
			isa = PBXNativeTarget;
			buildConfigurationList = FEC9FE560BFCD6C500237BCA /* Build configuration list for PBXNativeTarget "BEASTMulchPV" */;
			buildPhases = (
				FEC9FE4B0BFCD6C500237BCA /* Headers */,
				FEC9FE4F0BFCD6C500237BCA /* Sources */,
				FEC9FE520BFCD6C500237BCA /* Frameworks */,
				FEC9FE530BFCD6C500237BCA /* Rez */,
				FEC9FE540BFCD6C500237BCA /* ShellScript */,
			);
			buildRules = (
			);
			dependencies = (
			);
			name = BEASTMulchPV;
			productInstallPath = /usr/local/lib;
			productName = BinaryOpUGens;
			productReference = FEC9FE5A0BFCD6C500237BCA /* BEASTMulchPV.scx */;
			productType = "com.apple.product-type.library.dynamic";
		};
/* End PBXNativeTarget section */

/* Begin PBXProject section */
		F50D04F702E68E8201CA2799 /* Project object */ = {
			isa = PBXProject;
			buildConfigurationList = 88332412090ABD1F00A4A7E4 /* Build configuration list for PBXProject "BEASTMulch Plugins" */;
			compatibilityVersion = "Xcode 2.4";
			hasScannedForEncodings = 1;
			mainGroup = F50D04F802E68E8201CA2799;
			productRefGroup = F50D060302E69C2101CA2799 /* Products */;
			projectDirPath = "";
			projectRoot = "";
			targets = (
				631417A30A203392007B9355 /* All */,
				FE2BB36C0BB59278009F34F8 /* BEASTMulchVBAP */,
				FEC9FE4A0BFCD6C500237BCA /* BEASTMulchPV */,
				FEC02E080C4D1E72009EC06B /* BEASTMulchPlaySendIndex */,
				FE5B59240D6B22F2008C3FE7 /* BEASTMulchLoris */,
			);
		};
/* End PBXProject section */

/* Begin PBXRezBuildPhase section */
		FE2BB3720BB59278009F34F8 /* Rez */ = {
			isa = PBXRezBuildPhase;
			buildActionMask = 2147483647;
			files = (
			);
			runOnlyForDeploymentPostprocessing = 0;
		};
		FE5B59380D6B22F2008C3FE7 /* Rez */ = {
			isa = PBXRezBuildPhase;
			buildActionMask = 2147483647;
			files = (
			);
			runOnlyForDeploymentPostprocessing = 0;
		};
		FEC02E110C4D1E72009EC06B /* Rez */ = {
			isa = PBXRezBuildPhase;
			buildActionMask = 2147483647;
			files = (
			);
			runOnlyForDeploymentPostprocessing = 0;
		};
		FEC9FE530BFCD6C500237BCA /* Rez */ = {
			isa = PBXRezBuildPhase;
			buildActionMask = 2147483647;
			files = (
			);
			runOnlyForDeploymentPostprocessing = 0;
		};
/* End PBXRezBuildPhase section */

/* Begin PBXShellScriptBuildPhase section */
		FE2BB3730BB59278009F34F8 /* ShellScript */ = {
			isa = PBXShellScriptBuildPhase;
			buildActionMask = 2147483647;
			files = (
			);
			runOnlyForDeploymentPostprocessing = 0;
			shellPath = /bin/sh;
			shellScript = "cp \"$TARGET_BUILD_DIR/$PRODUCT_NAME\".scx ../UGens/VBAP";
		};
		FE5B59390D6B22F2008C3FE7 /* ShellScript */ = {
			isa = PBXShellScriptBuildPhase;
			buildActionMask = 2147483647;
			files = (
			);
			runOnlyForDeploymentPostprocessing = 0;
			shellPath = /bin/sh;
			shellScript = "cp \"$TARGET_BUILD_DIR/$PRODUCT_NAME\".scx ../UGens/Loris";
		};
		FEC02E120C4D1E72009EC06B /* ShellScript */ = {
			isa = PBXShellScriptBuildPhase;
			buildActionMask = 2147483647;
			files = (
			);
			runOnlyForDeploymentPostprocessing = 0;
			shellPath = /bin/sh;
			shellScript = "cp \"$TARGET_BUILD_DIR/$PRODUCT_NAME\".scx ../UGens/PlaySendIndex";
		};
		FEC9FE540BFCD6C500237BCA /* ShellScript */ = {
			isa = PBXShellScriptBuildPhase;
			buildActionMask = 2147483647;
			files = (
			);
			runOnlyForDeploymentPostprocessing = 0;
			shellPath = /bin/sh;
			shellScript = "cp \"$TARGET_BUILD_DIR/$PRODUCT_NAME\".scx ../UGens/PV";
		};
/* End PBXShellScriptBuildPhase section */

/* Begin PBXSourcesBuildPhase section */
		FE2BB36E0BB59278009F34F8 /* Sources */ = {
			isa = PBXSourcesBuildPhase;
			buildActionMask = 2147483647;
			files = (
				FEC9FE720BFCD85700237BCA /* BEASTMulchVBAP.cpp in Sources */,
			);
			runOnlyForDeploymentPostprocessing = 0;
		};
		FE5B59300D6B22F2008C3FE7 /* Sources */ = {
			isa = PBXSourcesBuildPhase;
			buildActionMask = 2147483647;
			files = (
				FE5B594C0D6B2445008C3FE7 /* BEASTMulchLoris.cpp in Sources */,
			);
			runOnlyForDeploymentPostprocessing = 0;
		};
		FEC02E0D0C4D1E72009EC06B /* Sources */ = {
			isa = PBXSourcesBuildPhase;
			buildActionMask = 2147483647;
			files = (
				FEC02EEF0C4D239F009EC06B /* SC_SyncCondition.cpp in Sources */,
				FEC02F420C4D2A6E009EC06B /* SC_Str4.cpp in Sources */,
				FEC02F4D0C4D2EAF009EC06B /* BEASTMulchSendIndex.cpp in Sources */,
			);
			runOnlyForDeploymentPostprocessing = 0;
		};
		FEC9FE4F0BFCD6C500237BCA /* Sources */ = {
			isa = PBXSourcesBuildPhase;
			buildActionMask = 2147483647;
			files = (
				FEC9FE500BFCD6C500237BCA /* BEASTMulchPV.cpp in Sources */,
				FEC9FE510BFCD6C500237BCA /* SCComplex.cpp in Sources */,
			);
			runOnlyForDeploymentPostprocessing = 0;
		};
/* End PBXSourcesBuildPhase section */

/* Begin PBXTargetDependency section */
		FED395D9105687E700916E0C /* PBXTargetDependency */ = {
			isa = PBXTargetDependency;
			target = FE5B59240D6B22F2008C3FE7 /* BEASTMulchLoris */;
			targetProxy = FED395D8105687E700916E0C /* PBXContainerItemProxy */;
		};
		FEDA69430C949E20007670AE /* PBXTargetDependency */ = {
			isa = PBXTargetDependency;
			target = FE2BB36C0BB59278009F34F8 /* BEASTMulchVBAP */;
			targetProxy = FEDA69420C949E20007670AE /* PBXContainerItemProxy */;
		};
		FEDA69450C949E23007670AE /* PBXTargetDependency */ = {
			isa = PBXTargetDependency;
			target = FEC9FE4A0BFCD6C500237BCA /* BEASTMulchPV */;
			targetProxy = FEDA69440C949E23007670AE /* PBXContainerItemProxy */;
		};
		FEDA69470C949E25007670AE /* PBXTargetDependency */ = {
			isa = PBXTargetDependency;
			target = FEC02E080C4D1E72009EC06B /* BEASTMulchPlaySendIndex */;
			targetProxy = FEDA69460C949E25007670AE /* PBXContainerItemProxy */;
		};
/* End PBXTargetDependency section */

/* Begin XCBuildConfiguration section */
		631417CD0A203392007B9355 /* Development */ = {
			isa = XCBuildConfiguration;
			buildSettings = {
				COPY_PHASE_STRIP = NO;
				GCC_DYNAMIC_NO_PIC = NO;
				GCC_ENABLE_FIX_AND_CONTINUE = YES;
				GCC_GENERATE_DEBUGGING_SYMBOLS = YES;
				GCC_OPTIMIZATION_LEVEL = 0;
				OPTIMIZATION_CFLAGS = "-O0 -faltivec";
				OTHER_CFLAGS = "";
				OTHER_LDFLAGS = "";
				OTHER_REZFLAGS = "";
				PRODUCT_NAME = "SC_Synth PlugIns";
				SECTORDER_FLAGS = "";
				WARNING_CFLAGS = (
					"-Wmost",
					"-Wno-four-char-constants",
					"-Wno-unknown-pragmas",
				);
				ZERO_LINK = YES;
			};
			name = Development;
		};
		631417CE0A203392007B9355 /* Deployment */ = {
			isa = XCBuildConfiguration;
			buildSettings = {
				COPY_PHASE_STRIP = YES;
				GCC_ENABLE_FIX_AND_CONTINUE = NO;
				GCC_OPTIMIZATION_LEVEL = 3;
				OPTIMIZATION_CFLAGS = "-O3 -faltivec";
				OTHER_CFLAGS = "";
				OTHER_LDFLAGS = "";
				OTHER_REZFLAGS = "";
				PRODUCT_NAME = "SC_Synth PlugIns";
				SECTORDER_FLAGS = "";
				WARNING_CFLAGS = (
					"-Wmost",
					"-Wno-four-char-constants",
					"-Wno-unknown-pragmas",
				);
				ZERO_LINK = NO;
			};
			name = Deployment;
		};
		631417CF0A203392007B9355 /* Default */ = {
			isa = XCBuildConfiguration;
			buildSettings = {
				OTHER_CFLAGS = "";
				OTHER_LDFLAGS = "";
				OTHER_REZFLAGS = "";
				PRODUCT_NAME = "SC_Synth PlugIns";
				SECTORDER_FLAGS = "";
				WARNING_CFLAGS = (
					"-Wmost",
					"-Wno-four-char-constants",
					"-Wno-unknown-pragmas",
				);
			};
			name = Default;
		};
		88332413090ABD1F00A4A7E4 /* Development */ = {
			isa = XCBuildConfiguration;
			buildSettings = {
				ARCHS = (
					ppc,
					i386,
				);
				SDKROOT = /Developer/SDKs/MacOSX10.4u.sdk;
			};
			name = Development;
		};
		88332414090ABD1F00A4A7E4 /* Deployment */ = {
			isa = XCBuildConfiguration;
			buildSettings = {
				ARCHS = (
					ppc,
					i386,
				);
				SDKROOT = /Developer/SDKs/MacOSX10.4u.sdk;
			};
			name = Deployment;
		};
		88332415090ABD1F00A4A7E4 /* Default */ = {
			isa = XCBuildConfiguration;
			buildSettings = {
				ARCHS = (
					ppc,
					i386,
				);
				SDKROOT = /Developer/SDKs/MacOSX10.4u.sdk;
			};
			name = Default;
		};
		FE2BB3750BB59278009F34F8 /* Development */ = {
			isa = XCBuildConfiguration;
			buildSettings = {
				BUNDLE_LOADER = "$(BUNDLE_LOADER)";
				COPY_PHASE_STRIP = NO;
				DYLIB_COMPATIBILITY_VERSION = "";
				DYLIB_CURRENT_VERSION = "";
				EXECUTABLE_EXTENSION = scx;
				GCC_DYNAMIC_NO_PIC = NO;
				GCC_ENABLE_FIX_AND_CONTINUE = NO;
				GCC_GENERATE_DEBUGGING_SYMBOLS = YES;
				GCC_OPTIMIZATION_LEVEL = 0;
				GCC_PREPROCESSOR_DEFINITIONS = SC_DARWIN;
				GENERATE_MASTER_OBJECT_FILE = YES;
				LIBRARY_SEARCH_PATHS = "";
				LIBRARY_STYLE = BUNDLE;
				MACH_O_TYPE = mh_bundle;
				OBJROOT = "$(SYMROOT)/..";
				OTHER_CFLAGS = "";
				OTHER_LDFLAGS = "";
				OTHER_LIBTOOL_FLAGS = "";
				OTHER_REZFLAGS = "";
				PREBINDING = NO;
				PRODUCT_NAME = BEASTMulchVBAP;
				REZ_EXECUTABLE = YES;
				SECTORDER_FLAGS = "";
				SYMROOT = "$(PROJECT_DIR)/build/VBAP";
				WARNING_CFLAGS = (
					"-Wmost",
					"-Wno-four-char-constants",
					"-Wno-unknown-pragmas",
				);
				ZERO_LINK = NO;
			};
			name = Development;
		};
		FE2BB3760BB59278009F34F8 /* Deployment */ = {
			isa = XCBuildConfiguration;
			buildSettings = {
				BUNDLE_LOADER = "$(BUNDLE_LOADER)";
				COPY_PHASE_STRIP = YES;
				DYLIB_COMPATIBILITY_VERSION = "";
				DYLIB_CURRENT_VERSION = "";
				EXECUTABLE_EXTENSION = scx;
				GCC_ENABLE_FIX_AND_CONTINUE = NO;
				GCC_OPTIMIZATION_LEVEL = 3;
				GCC_PREPROCESSOR_DEFINITIONS = SC_DARWIN;
				GENERATE_MASTER_OBJECT_FILE = YES;
				LIBRARY_SEARCH_PATHS = "";
				LIBRARY_STYLE = BUNDLE;
				MACH_O_TYPE = mh_bundle;
				OBJROOT = "$(SYMROOT)/..";
				OTHER_CFLAGS = "";
				OTHER_LDFLAGS = "";
				OTHER_LIBTOOL_FLAGS = "";
				OTHER_REZFLAGS = "";
				PREBINDING = NO;
				PRODUCT_NAME = BEASTMulchVBAP;
				REZ_EXECUTABLE = YES;
				SECTORDER_FLAGS = "";
				SYMROOT = "$(PROJECT_DIR)/build/VBAP";
				WARNING_CFLAGS = (
					"-Wmost",
					"-Wno-four-char-constants",
					"-Wno-unknown-pragmas",
				);
				ZERO_LINK = NO;
			};
			name = Deployment;
		};
		FE2BB3770BB59278009F34F8 /* Default */ = {
			isa = XCBuildConfiguration;
			buildSettings = {
				BUNDLE_LOADER = "$(BUNDLE_LOADER)";
				DYLIB_COMPATIBILITY_VERSION = "";
				DYLIB_CURRENT_VERSION = "";
				EXECUTABLE_EXTENSION = scx;
				GCC_ENABLE_FIX_AND_CONTINUE = NO;
				GCC_OPTIMIZATION_LEVEL = 3;
				GCC_PREPROCESSOR_DEFINITIONS = SC_DARWIN;
				GENERATE_MASTER_OBJECT_FILE = YES;
				LIBRARY_SEARCH_PATHS = "";
				LIBRARY_STYLE = BUNDLE;
				MACH_O_TYPE = mh_bundle;
				OBJROOT = "$(SYMROOT)/..";
				OTHER_CFLAGS = "";
				OTHER_LDFLAGS = "";
				OTHER_LIBTOOL_FLAGS = "";
				OTHER_REZFLAGS = "";
				PREBINDING = NO;
				PRODUCT_NAME = BEASTMulchVBAP;
				REZ_EXECUTABLE = YES;
				SECTORDER_FLAGS = "";
				SYMROOT = "$(PROJECT_DIR)/build/VBAP";
				WARNING_CFLAGS = (
					"-Wmost",
					"-Wno-four-char-constants",
					"-Wno-unknown-pragmas",
				);
				ZERO_LINK = NO;
			};
			name = Default;
		};
		FE5B593B0D6B22F2008C3FE7 /* Development */ = {
			isa = XCBuildConfiguration;
			buildSettings = {
				BUNDLE_LOADER = "$(BUNDLE_LOADER)";
				COPY_PHASE_STRIP = NO;
				DYLIB_COMPATIBILITY_VERSION = "";
				DYLIB_CURRENT_VERSION = "";
				EXECUTABLE_EXTENSION = scx;
				GCC_DYNAMIC_NO_PIC = NO;
				GCC_ENABLE_FIX_AND_CONTINUE = NO;
				GCC_GENERATE_DEBUGGING_SYMBOLS = YES;
				GCC_OPTIMIZATION_LEVEL = 0;
				GCC_PREPROCESSOR_DEFINITIONS = SC_DARWIN;
				GENERATE_MASTER_OBJECT_FILE = YES;
				LIBRARY_SEARCH_PATHS = (
					"$(inherited)",
					"$(LIBRARY_SEARCH_PATHS_QUOTED_1)",
				);
				LIBRARY_SEARCH_PATHS_QUOTED_1 = "\"$(SRCROOT)\"";
				LIBRARY_STYLE = BUNDLE;
				MACH_O_TYPE = mh_bundle;
				OBJROOT = "$(SYMROOT)/..";
				OTHER_CFLAGS = "";
				OTHER_LDFLAGS = "";
				OTHER_LIBTOOL_FLAGS = "";
				OTHER_REZFLAGS = "";
				PREBINDING = NO;
				PRODUCT_NAME = BEASTMulchLoris;
				REZ_EXECUTABLE = YES;
				SECTORDER_FLAGS = "";
				SYMROOT = "$(PROJECT_DIR)/build/Loris/";
				WARNING_CFLAGS = (
					"-Wmost",
					"-Wno-four-char-constants",
					"-Wno-unknown-pragmas",
				);
				ZERO_LINK = NO;
			};
			name = Development;
		};
		FE5B593C0D6B22F2008C3FE7 /* Deployment */ = {
			isa = XCBuildConfiguration;
			buildSettings = {
				BUNDLE_LOADER = "$(BUNDLE_LOADER)";
				COPY_PHASE_STRIP = YES;
				DYLIB_COMPATIBILITY_VERSION = "";
				DYLIB_CURRENT_VERSION = "";
				EXECUTABLE_EXTENSION = scx;
				GCC_ENABLE_FIX_AND_CONTINUE = NO;
				GCC_OPTIMIZATION_LEVEL = 3;
				GCC_PREPROCESSOR_DEFINITIONS = SC_DARWIN;
				GENERATE_MASTER_OBJECT_FILE = YES;
				LIBRARY_SEARCH_PATHS = (
					"$(inherited)",
					"$(LIBRARY_SEARCH_PATHS_QUOTED_1)",
				);
				LIBRARY_SEARCH_PATHS_QUOTED_1 = "\"$(SRCROOT)\"";
				LIBRARY_STYLE = BUNDLE;
				MACH_O_TYPE = mh_bundle;
				OBJROOT = "$(SYMROOT)/..";
				OTHER_CFLAGS = "";
				OTHER_LDFLAGS = "";
				OTHER_LIBTOOL_FLAGS = "";
				OTHER_REZFLAGS = "";
				PREBINDING = NO;
				PRODUCT_NAME = BEASTMulchLoris;
				REZ_EXECUTABLE = YES;
				SECTORDER_FLAGS = "";
				SYMROOT = "$(PROJECT_DIR)/build/Loris/";
				WARNING_CFLAGS = (
					"-Wmost",
					"-Wno-four-char-constants",
					"-Wno-unknown-pragmas",
				);
				ZERO_LINK = NO;
			};
			name = Deployment;
		};
		FE5B593D0D6B22F2008C3FE7 /* Default */ = {
			isa = XCBuildConfiguration;
			buildSettings = {
				BUNDLE_LOADER = "$(BUNDLE_LOADER)";
				DYLIB_COMPATIBILITY_VERSION = "";
				DYLIB_CURRENT_VERSION = "";
				EXECUTABLE_EXTENSION = scx;
				GCC_ENABLE_FIX_AND_CONTINUE = NO;
				GCC_OPTIMIZATION_LEVEL = 3;
				GCC_PREPROCESSOR_DEFINITIONS = SC_DARWIN;
				GENERATE_MASTER_OBJECT_FILE = YES;
				LIBRARY_SEARCH_PATHS = (
					"$(inherited)",
					"$(LIBRARY_SEARCH_PATHS_QUOTED_1)",
				);
				LIBRARY_SEARCH_PATHS_QUOTED_1 = "\"$(SRCROOT)\"";
				LIBRARY_STYLE = BUNDLE;
				MACH_O_TYPE = mh_bundle;
				OBJROOT = "$(SYMROOT)/..";
				OTHER_CFLAGS = "";
				OTHER_LDFLAGS = "";
				OTHER_LIBTOOL_FLAGS = "";
				OTHER_REZFLAGS = "";
				PREBINDING = NO;
				PRODUCT_NAME = BEASTMulchLoris;
				REZ_EXECUTABLE = YES;
				SECTORDER_FLAGS = "";
				SYMROOT = "$(PROJECT_DIR)/build/Loris/";
				WARNING_CFLAGS = (
					"-Wmost",
					"-Wno-four-char-constants",
					"-Wno-unknown-pragmas",
				);
				ZERO_LINK = NO;
			};
			name = Default;
		};
		FEC02E150C4D1E72009EC06B /* Development */ = {
			isa = XCBuildConfiguration;
			buildSettings = {
				BUNDLE_LOADER = "$(BUNDLE_LOADER)";
				COPY_PHASE_STRIP = NO;
				DYLIB_COMPATIBILITY_VERSION = "";
				DYLIB_CURRENT_VERSION = "";
				EXECUTABLE_EXTENSION = scx;
				GCC_DYNAMIC_NO_PIC = NO;
				GCC_ENABLE_FIX_AND_CONTINUE = NO;
				GCC_GENERATE_DEBUGGING_SYMBOLS = YES;
				GCC_OPTIMIZATION_LEVEL = 0;
				GCC_PREPROCESSOR_DEFINITIONS = SC_DARWIN;
				GENERATE_MASTER_OBJECT_FILE = YES;
				LIBRARY_SEARCH_PATHS = (
					"$(inherited)",
					"$(LIBRARY_SEARCH_PATHS_QUOTED_1)",
				);
				LIBRARY_SEARCH_PATHS_QUOTED_1 = "\"$(SRCROOT)\"";
				LIBRARY_STYLE = BUNDLE;
				MACH_O_TYPE = mh_bundle;
				OBJROOT = "$(SYMROOT)/..";
				OTHER_CFLAGS = "";
				OTHER_LDFLAGS = "";
				OTHER_LIBTOOL_FLAGS = "";
				OTHER_REZFLAGS = "";
				PREBINDING = NO;
				PRODUCT_NAME = BEASTMulchSendIndex;
				REZ_EXECUTABLE = YES;
				SECTORDER_FLAGS = "";
				SYMROOT = "$(PROJECT_DIR)/build/BEASTMulchPlaySendIndex/";
				WARNING_CFLAGS = (
					"-Wmost",
					"-Wno-four-char-constants",
					"-Wno-unknown-pragmas",
				);
				ZERO_LINK = NO;
			};
			name = Development;
		};
		FEC02E160C4D1E72009EC06B /* Deployment */ = {
			isa = XCBuildConfiguration;
			buildSettings = {
				BUNDLE_LOADER = "$(BUNDLE_LOADER)";
				COPY_PHASE_STRIP = YES;
				DYLIB_COMPATIBILITY_VERSION = "";
				DYLIB_CURRENT_VERSION = "";
				EXECUTABLE_EXTENSION = scx;
				GCC_ENABLE_FIX_AND_CONTINUE = NO;
				GCC_OPTIMIZATION_LEVEL = 3;
				GCC_PREPROCESSOR_DEFINITIONS = SC_DARWIN;
				GENERATE_MASTER_OBJECT_FILE = YES;
				LIBRARY_SEARCH_PATHS = (
					"$(inherited)",
					"$(LIBRARY_SEARCH_PATHS_QUOTED_1)",
				);
				LIBRARY_SEARCH_PATHS_QUOTED_1 = "\"$(SRCROOT)\"";
				LIBRARY_STYLE = BUNDLE;
				MACH_O_TYPE = mh_bundle;
				OBJROOT = "$(SYMROOT)/..";
				OTHER_CFLAGS = "";
				OTHER_LDFLAGS = "";
				OTHER_LIBTOOL_FLAGS = "";
				OTHER_REZFLAGS = "";
				PREBINDING = NO;
				PRODUCT_NAME = BEASTMulchSendIndex;
				REZ_EXECUTABLE = YES;
				SECTORDER_FLAGS = "";
				SYMROOT = "$(PROJECT_DIR)/build/BEASTMulchPlaySendIndex/";
				WARNING_CFLAGS = (
					"-Wmost",
					"-Wno-four-char-constants",
					"-Wno-unknown-pragmas",
				);
				ZERO_LINK = NO;
			};
			name = Deployment;
		};
		FEC02E170C4D1E72009EC06B /* Default */ = {
			isa = XCBuildConfiguration;
			buildSettings = {
				BUNDLE_LOADER = "$(BUNDLE_LOADER)";
				DYLIB_COMPATIBILITY_VERSION = "";
				DYLIB_CURRENT_VERSION = "";
				EXECUTABLE_EXTENSION = scx;
				GCC_ENABLE_FIX_AND_CONTINUE = NO;
				GCC_OPTIMIZATION_LEVEL = 3;
				GCC_PREPROCESSOR_DEFINITIONS = SC_DARWIN;
				GENERATE_MASTER_OBJECT_FILE = YES;
				LIBRARY_SEARCH_PATHS = (
					"$(inherited)",
					"$(LIBRARY_SEARCH_PATHS_QUOTED_1)",
				);
				LIBRARY_SEARCH_PATHS_QUOTED_1 = "\"$(SRCROOT)\"";
				LIBRARY_STYLE = BUNDLE;
				MACH_O_TYPE = mh_bundle;
				OBJROOT = "$(SYMROOT)/..";
				OTHER_CFLAGS = "";
				OTHER_LDFLAGS = "";
				OTHER_LIBTOOL_FLAGS = "";
				OTHER_REZFLAGS = "";
				PREBINDING = NO;
				PRODUCT_NAME = BEASTMulchSendIndex;
				REZ_EXECUTABLE = YES;
				SECTORDER_FLAGS = "";
				SYMROOT = "$(PROJECT_DIR)/build/BEASTMulchPlaySendIndex/";
				WARNING_CFLAGS = (
					"-Wmost",
					"-Wno-four-char-constants",
					"-Wno-unknown-pragmas",
				);
				ZERO_LINK = NO;
			};
			name = Default;
		};
		FEC9FE570BFCD6C500237BCA /* Development */ = {
			isa = XCBuildConfiguration;
			buildSettings = {
				BUNDLE_LOADER = "$(BUNDLE_LOADER)";
				COPY_PHASE_STRIP = NO;
				DYLIB_COMPATIBILITY_VERSION = "";
				DYLIB_CURRENT_VERSION = "";
				EXECUTABLE_EXTENSION = scx;
				GCC_DYNAMIC_NO_PIC = NO;
				GCC_ENABLE_FIX_AND_CONTINUE = NO;
				GCC_GENERATE_DEBUGGING_SYMBOLS = YES;
				GCC_OPTIMIZATION_LEVEL = 0;
				GCC_PREPROCESSOR_DEFINITIONS = SC_DARWIN;
				GENERATE_MASTER_OBJECT_FILE = YES;
				LIBRARY_SEARCH_PATHS = "";
				LIBRARY_STYLE = BUNDLE;
				MACH_O_TYPE = mh_bundle;
				OBJROOT = "$(SYMROOT)/..";
				OTHER_CFLAGS = "";
				OTHER_LDFLAGS = "";
				OTHER_LIBTOOL_FLAGS = "";
				OTHER_REZFLAGS = "";
				PREBINDING = NO;
				PRODUCT_NAME = BEASTMulchPV;
				REZ_EXECUTABLE = YES;
				SECTORDER_FLAGS = "";
				SYMROOT = "$(PROJECT_DIR)/build/PV";
				WARNING_CFLAGS = (
					"-Wmost",
					"-Wno-four-char-constants",
					"-Wno-unknown-pragmas",
				);
				ZERO_LINK = NO;
			};
			name = Development;
		};
		FEC9FE580BFCD6C500237BCA /* Deployment */ = {
			isa = XCBuildConfiguration;
			buildSettings = {
				BUNDLE_LOADER = "$(BUNDLE_LOADER)";
				COPY_PHASE_STRIP = YES;
				DYLIB_COMPATIBILITY_VERSION = "";
				DYLIB_CURRENT_VERSION = "";
				EXECUTABLE_EXTENSION = scx;
				GCC_ENABLE_FIX_AND_CONTINUE = NO;
				GCC_OPTIMIZATION_LEVEL = 3;
				GCC_PREPROCESSOR_DEFINITIONS = SC_DARWIN;
				GENERATE_MASTER_OBJECT_FILE = YES;
				LIBRARY_SEARCH_PATHS = "";
				LIBRARY_STYLE = BUNDLE;
				MACH_O_TYPE = mh_bundle;
				OBJROOT = "$(SYMROOT)/..";
				OTHER_CFLAGS = "";
				OTHER_LDFLAGS = "";
				OTHER_LIBTOOL_FLAGS = "";
				OTHER_REZFLAGS = "";
				PREBINDING = NO;
				PRODUCT_NAME = BEASTMulchPV;
				REZ_EXECUTABLE = YES;
				SECTORDER_FLAGS = "";
				SYMROOT = "$(PROJECT_DIR)/build/PV";
				WARNING_CFLAGS = (
					"-Wmost",
					"-Wno-four-char-constants",
					"-Wno-unknown-pragmas",
				);
				ZERO_LINK = NO;
			};
			name = Deployment;
		};
		FEC9FE590BFCD6C500237BCA /* Default */ = {
			isa = XCBuildConfiguration;
			buildSettings = {
				BUNDLE_LOADER = "$(BUNDLE_LOADER)";
				DYLIB_COMPATIBILITY_VERSION = "";
				DYLIB_CURRENT_VERSION = "";
				EXECUTABLE_EXTENSION = scx;
				GCC_ENABLE_FIX_AND_CONTINUE = NO;
				GCC_OPTIMIZATION_LEVEL = 3;
				GCC_PREPROCESSOR_DEFINITIONS = SC_DARWIN;
				GENERATE_MASTER_OBJECT_FILE = YES;
				LIBRARY_SEARCH_PATHS = "";
				LIBRARY_STYLE = BUNDLE;
				MACH_O_TYPE = mh_bundle;
				OBJROOT = "$(SYMROOT)/..";
				OTHER_CFLAGS = "";
				OTHER_LDFLAGS = "";
				OTHER_LIBTOOL_FLAGS = "";
				OTHER_REZFLAGS = "";
				PREBINDING = NO;
				PRODUCT_NAME = BEASTMulchPV;
				REZ_EXECUTABLE = YES;
				SECTORDER_FLAGS = "";
				SYMROOT = "$(PROJECT_DIR)/build/PV";
				WARNING_CFLAGS = (
					"-Wmost",
					"-Wno-four-char-constants",
					"-Wno-unknown-pragmas",
				);
				ZERO_LINK = NO;
			};
			name = Default;
		};
/* End XCBuildConfiguration section */

/* Begin XCConfigurationList section */
		631417CC0A203392007B9355 /* Build configuration list for PBXAggregateTarget "All" */ = {
			isa = XCConfigurationList;
			buildConfigurations = (
				631417CD0A203392007B9355 /* Development */,
				631417CE0A203392007B9355 /* Deployment */,
				631417CF0A203392007B9355 /* Default */,
			);
			defaultConfigurationIsVisible = 0;
			defaultConfigurationName = Default;
		};
		88332412090ABD1F00A4A7E4 /* Build configuration list for PBXProject "BEASTMulch Plugins" */ = {
			isa = XCConfigurationList;
			buildConfigurations = (
				88332413090ABD1F00A4A7E4 /* Development */,
				88332414090ABD1F00A4A7E4 /* Deployment */,
				88332415090ABD1F00A4A7E4 /* Default */,
			);
			defaultConfigurationIsVisible = 0;
			defaultConfigurationName = Default;
		};
		FE2BB3740BB59278009F34F8 /* Build configuration list for PBXNativeTarget "BEASTMulchVBAP" */ = {
			isa = XCConfigurationList;
			buildConfigurations = (
				FE2BB3750BB59278009F34F8 /* Development */,
				FE2BB3760BB59278009F34F8 /* Deployment */,
				FE2BB3770BB59278009F34F8 /* Default */,
			);
			defaultConfigurationIsVisible = 0;
			defaultConfigurationName = Default;
		};
		FE5B593A0D6B22F2008C3FE7 /* Build configuration list for PBXNativeTarget "BEASTMulchLoris" */ = {
			isa = XCConfigurationList;
			buildConfigurations = (
				FE5B593B0D6B22F2008C3FE7 /* Development */,
				FE5B593C0D6B22F2008C3FE7 /* Deployment */,
				FE5B593D0D6B22F2008C3FE7 /* Default */,
			);
			defaultConfigurationIsVisible = 0;
			defaultConfigurationName = Default;
		};
		FEC02E140C4D1E72009EC06B /* Build configuration list for PBXNativeTarget "BEASTMulchPlaySendIndex" */ = {
			isa = XCConfigurationList;
			buildConfigurations = (
				FEC02E150C4D1E72009EC06B /* Development */,
				FEC02E160C4D1E72009EC06B /* Deployment */,
				FEC02E170C4D1E72009EC06B /* Default */,
			);
			defaultConfigurationIsVisible = 0;
			defaultConfigurationName = Default;
		};
		FEC9FE560BFCD6C500237BCA /* Build configuration list for PBXNativeTarget "BEASTMulchPV" */ = {
			isa = XCConfigurationList;
			buildConfigurations = (
				FEC9FE570BFCD6C500237BCA /* Development */,
				FEC9FE580BFCD6C500237BCA /* Deployment */,
				FEC9FE590BFCD6C500237BCA /* Default */,
			);
			defaultConfigurationIsVisible = 0;
			defaultConfigurationName = Default;
		};
/* End XCConfigurationList section */
	};
	rootObject = F50D04F702E68E8201CA2799 /* Project object */;
}
